
Microsoft Visual Studio Solution File, Format Version 12.00
# Visual Studio 2012
Project("{FAE04EC0-301F-11D3-BF4B-00C04F79EFBC}") = "Vitrunetics", "Vitrunetics\Vitrunetics.csproj", "{853E99A4-A01F-4904-85FF-B1A851E92223}"
EndProject
Global
	GlobalSection(TeamFoundationVersionControl) = preSolution
		SccNumberOfProjects = 2
		SccEnterpriseProvider = {4CA58AB2-18FA-4F8D-95D4-32DDF27D184C}
		SccTeamFoundationServer = https://jblonchek.visualstudio.com/defaultcollection
		SccLocalPath0 = .
		SccProjectUniqueName1 = Vitrunetics\\Vitrunetics.csproj
		SccProjectName1 = Vitrunetics
		SccLocalPath1 = Vitrunetics
	EndGlobalSection
	GlobalSection(SolutionConfigurationPlatforms) = preSolution
		Debug|Any CPU = Debug|Any CPU
		Release|Any CPU = Release|Any CPU
	EndGlobalSection
	GlobalSection(ProjectConfigurationPlatforms) = postSolution
		{853E99A4-A01F-4904-85FF-B1A851E92223}.Debug|Any CPU.ActiveCfg = Debug|Any CPU
		{853E99A4-A01F-4904-85FF-B1A851E92223}.Debug|Any CPU.Build.0 = Debug|Any CPU
		{853E99A4-A01F-4904-85FF-B1A851E92223}.Release|Any CPU.ActiveCfg = Release|Any CPU
		{853E99A4-A01F-4904-85FF-B1A851E92223}.Release|Any CPU.Build.0 = Release|Any CPU
	EndGlobalSection
	GlobalSection(SolutionProperties) = preSolution
		HideSolutionNode = FALSE
	EndGlobalSection
EndGlobal
